
Microsoft Visual Studio Solution File, Format Version 12.00
# Visual Studio Version 17
VisualStudioVersion = 17.9.34622.214
MinimumVisualStudioVersion = 10.0.40219.1
Project("{FAE04EC0-301F-11D3-BF4B-00C04F79EFBC}") = "BlazorTutorial", "BlazorTutorial\BlazorTutorial.csproj", "{074BC950-1456-475A-A59D-BE23D85736D9}"
EndProject
Global
	GlobalSection(SolutionConfigurationPlatforms) = preSolution
		Debug|Any CPU = Debug|Any CPU
		Release|Any CPU = Release|Any CPU
	EndGlobalSection
	GlobalSection(ProjectConfigurationPlatforms) = postSolution
		{074BC950-1456-475A-A59D-BE23D85736D9}.Debug|Any CPU.ActiveCfg = Debug|Any CPU
		{074BC950-1456-475A-A59D-BE23D85736D9}.Debug|Any CPU.Build.0 = Debug|Any CPU
		{074BC950-1456-475A-A59D-BE23D85736D9}.Release|Any CPU.ActiveCfg = Release|Any CPU
		{074BC950-1456-475A-A59D-BE23D85736D9}.Release|Any CPU.Build.0 = Release|Any CPU
	EndGlobalSection
	GlobalSection(SolutionProperties) = preSolution
		HideSolutionNode = FALSE
	EndGlobalSection
	GlobalSection(ExtensibilityGlobals) = postSolution
		SolutionGuid = {A7E75970-5D7D-4E2C-B211-FCCB4FEA3C66}
	EndGlobalSection
EndGlobal
